
Microsoft Visual Studio Solution File, Format Version 11.00
# Visual Studio 2010
Project("{8BC9CEB8-8B4A-11D0-8D11-00A0C91BC942}") = "mvp-ms", "mvp-ms\mvp-ms.vcxproj", "{D9E643DE-C7C6-4F11-9317-C5F27AEBC95C}"
EndProject
Global
	GlobalSection(SolutionConfigurationPlatforms) = preSolution
		Debug|Win32 = Debug|Win32
		Release|Win32 = Release|Win32
	EndGlobalSection
	GlobalSection(ProjectConfigurationPlatforms) = postSolution
		{D9E643DE-C7C6-4F11-9317-C5F27AEBC95C}.Debug|Win32.ActiveCfg = Debug|Win32
		{D9E643DE-C7C6-4F11-9317-C5F27AEBC95C}.Debug|Win32.Build.0 = Debug|Win32
		{D9E643DE-C7C6-4F11-9317-C5F27AEBC95C}.Release|Win32.ActiveCfg = Release|Win32
		{D9E643DE-C7C6-4F11-9317-C5F27AEBC95C}.Release|Win32.Build.0 = Release|Win32
	EndGlobalSection
	GlobalSection(SolutionProperties) = preSolution
		HideSolutionNode = FALSE
	EndGlobalSection
EndGlobal
